{
  "name": "kotlinx-charset",
  "version": "0.1.3",
  "lockfileVersion": 3,
  "requires": true,
  "packages": {
    "": {
      "name": "kotlinx-charset",
      "version": "0.1.3",
      "workspaces": [
        "packages/kotlinx-charset-core",
        "packages/kotlinx-charset-core-test",
        "packages/kotlinx-charset-ebcdic",
        "packages/kotlinx-charset-ebcdic-test",
        "packages/kotlinx-charset-ucm",
        "packages/kotlinx-charset-ucm-test"
      ],
      "devDependencies": {}
    },
    "node_modules/kotlinx-charset-core": {
      "resolved": "packages/kotlinx-charset-core",
      "link": true
    },
    "node_modules/kotlinx-charset-core-test": {
      "resolved": "packages/kotlinx-charset-core-test",
      "link": true
    },
    "node_modules/kotlinx-charset-ebcdic": {
      "resolved": "packages/kotlinx-charset-ebcdic",
      "link": true
    },
    "node_modules/kotlinx-charset-ebcdic-test": {
      "resolved": "packages/kotlinx-charset-ebcdic-test",
      "link": true
    },
    "node_modules/kotlinx-charset-ucm": {
      "resolved": "packages/kotlinx-charset-ucm",
      "link": true
    },
    "node_modules/kotlinx-charset-ucm-test": {
      "resolved": "packages/kotlinx-charset-ucm-test",
      "link": true
    },
    "packages/kotlinx-charset-core": {
      "version": "0.1.3",
      "devDependencies": {}
    },
    "packages/kotlinx-charset-core-test": {
      "version": "0.1.3",
      "devDependencies": {}
    },
    "packages/kotlinx-charset-ebcdic": {
      "version": "0.1.3",
      "devDependencies": {}
    },
    "packages/kotlinx-charset-ebcdic-test": {
      "version": "0.1.3",
      "devDependencies": {}
    },
    "packages/kotlinx-charset-ucm": {
      "version": "0.1.3",
      "devDependencies": {}
    },
    "packages/kotlinx-charset-ucm-test": {
      "version": "0.1.3",
      "devDependencies": {}
    }
  }
}
